
Microsoft Visual Studio Solution File, Format Version 12.00
# Visual Studio 15
VisualStudioVersion = 15.0.27703.2035
MinimumVisualStudioVersion = 10.0.40219.1
Project("{FAE04EC0-301F-11D3-BF4B-00C04F79EFBC}") = "XF.ControlesBasicos.Android", "XF.ControlesBasicos\XF.ControlesBasicos.Android\XF.ControlesBasicos.Android.csproj", "{4CDC5528-0E6B-4FFF-9F72-EAF215077E26}"
EndProject
Project("{FAE04EC0-301F-11D3-BF4B-00C04F79EFBC}") = "XF.ControlesBasicos.iOS", "XF.ControlesBasicos\XF.ControlesBasicos.iOS\XF.ControlesBasicos.iOS.csproj", "{90CCF448-88AB-4B57-A987-3B2019295C1E}"
EndProject
Project("{FAE04EC0-301F-11D3-BF4B-00C04F79EFBC}") = "XF.ControlesBasicos", "XF.ControlesBasicos\XF.ControlesBasicos\XF.ControlesBasicos.csproj", "{E614FA86-EED9-4ABA-A88A-031B2E64B129}"
EndProject
Global
	GlobalSection(SolutionConfigurationPlatforms) = preSolution
		Ad-Hoc|Any CPU = Ad-Hoc|Any CPU
		Ad-Hoc|iPhone = Ad-Hoc|iPhone
		Ad-Hoc|iPhoneSimulator = Ad-Hoc|iPhoneSimulator
		AppStore|Any CPU = AppStore|Any CPU
		AppStore|iPhone = AppStore|iPhone
		AppStore|iPhoneSimulator = AppStore|iPhoneSimulator
		Debug|Any CPU = Debug|Any CPU
		Debug|iPhone = Debug|iPhone
		Debug|iPhoneSimulator = Debug|iPhoneSimulator
		Release|Any CPU = Release|Any CPU
		Release|iPhone = Release|iPhone
		Release|iPhoneSimulator = Release|iPhoneSimulator
	EndGlobalSection
	GlobalSection(ProjectConfigurationPlatforms) = postSolution
		{4CDC5528-0E6B-4FFF-9F72-EAF215077E26}.Ad-Hoc|Any CPU.ActiveCfg = Release|Any CPU
		{4CDC5528-0E6B-4FFF-9F72-EAF215077E26}.Ad-Hoc|Any CPU.Build.0 = Release|Any CPU
		{4CDC5528-0E6B-4FFF-9F72-EAF215077E26}.Ad-Hoc|Any CPU.Deploy.0 = Release|Any CPU
		{4CDC5528-0E6B-4FFF-9F72-EAF215077E26}.Ad-Hoc|iPhone.ActiveCfg = Release|Any CPU
		{4CDC5528-0E6B-4FFF-9F72-EAF215077E26}.Ad-Hoc|iPhone.Build.0 = Release|Any CPU
		{4CDC5528-0E6B-4FFF-9F72-EAF215077E26}.Ad-Hoc|iPhone.Deploy.0 = Release|Any CPU
		{4CDC5528-0E6B-4FFF-9F72-EAF215077E26}.Ad-Hoc|iPhoneSimulator.ActiveCfg = Release|Any CPU
		{4CDC5528-0E6B-4FFF-9F72-EAF215077E26}.Ad-Hoc|iPhoneSimulator.Build.0 = Release|Any CPU
		{4CDC5528-0E6B-4FFF-9F72-EAF215077E26}.Ad-Hoc|iPhoneSimulator.Deploy.0 = Release|Any CPU
		{4CDC5528-0E6B-4FFF-9F72-EAF215077E26}.AppStore|Any CPU.ActiveCfg = Release|Any CPU
		{4CDC5528-0E6B-4FFF-9F72-EAF215077E26}.AppStore|Any CPU.Build.0 = Release|Any CPU
		{4CDC5528-0E6B-4FFF-9F72-EAF215077E26}.AppStore|Any CPU.Deploy.0 = Release|Any CPU
		{4CDC5528-0E6B-4FFF-9F72-EAF215077E26}.AppStore|iPhone.ActiveCfg = Release|Any CPU
		{4CDC5528-0E6B-4FFF-9F72-EAF215077E26}.AppStore|iPhone.Build.0 = Release|Any CPU
		{4CDC5528-0E6B-4FFF-9F72-EAF215077E26}.AppStore|iPhone.Deploy.0 = Release|Any CPU
		{4CDC5528-0E6B-4FFF-9F72-EAF215077E26}.AppStore|iPhoneSimulator.ActiveCfg = Release|Any CPU
		{4CDC5528-0E6B-4FFF-9F72-EAF215077E26}.AppStore|iPhoneSimulator.Build.0 = Release|Any CPU
		{4CDC5528-0E6B-4FFF-9F72-EAF215077E26}.AppStore|iPhoneSimulator.Deploy.0 = Release|Any CPU
		{4CDC5528-0E6B-4FFF-9F72-EAF215077E26}.Debug|Any CPU.ActiveCfg = Debug|Any CPU
		{4CDC5528-0E6B-4FFF-9F72-EAF215077E26}.Debug|Any CPU.Build.0 = Debug|Any CPU
		{4CDC5528-0E6B-4FFF-9F72-EAF215077E26}.Debug|Any CPU.Deploy.0 = Debug|Any CPU
		{4CDC5528-0E6B-4FFF-9F72-EAF215077E26}.Debug|iPhone.ActiveCfg = Debug|Any CPU
		{4CDC5528-0E6B-4FFF-9F72-EAF215077E26}.Debug|iPhone.Build.0 = Debug|Any CPU
		{4CDC5528-0E6B-4FFF-9F72-EAF215077E26}.Debug|iPhone.Deploy.0 = Debug|Any CPU
		{4CDC5528-0E6B-4FFF-9F72-EAF215077E26}.Debug|iPhoneSimulator.ActiveCfg = Debug|Any CPU
		{4CDC5528-0E6B-4FFF-9F72-EAF215077E26}.Debug|iPhoneSimulator.Build.0 = Debug|Any CPU
		{4CDC5528-0E6B-4FFF-9F72-EAF215077E26}.Debug|iPhoneSimulator.Deploy.0 = Debug|Any CPU
		{4CDC5528-0E6B-4FFF-9F72-EAF215077E26}.Release|Any CPU.ActiveCfg = Release|Any CPU
		{4CDC5528-0E6B-4FFF-9F72-EAF215077E26}.Release|Any CPU.Build.0 = Release|Any CPU
		{4CDC5528-0E6B-4FFF-9F72-EAF215077E26}.Release|Any CPU.Deploy.0 = Release|Any CPU
		{4CDC5528-0E6B-4FFF-9F72-EAF215077E26}.Release|iPhone.ActiveCfg = Release|Any CPU
		{4CDC5528-0E6B-4FFF-9F72-EAF215077E26}.Release|iPhone.Build.0 = Release|Any CPU
		{4CDC5528-0E6B-4FFF-9F72-EAF215077E26}.Release|iPhone.Deploy.0 = Release|Any CPU
		{4CDC5528-0E6B-4FFF-9F72-EAF215077E26}.Release|iPhoneSimulator.ActiveCfg = Release|Any CPU
		{4CDC5528-0E6B-4FFF-9F72-EAF215077E26}.Release|iPhoneSimulator.Build.0 = Release|Any CPU
		{4CDC5528-0E6B-4FFF-9F72-EAF215077E26}.Release|iPhoneSimulator.Deploy.0 = Release|Any CPU
		{90CCF448-88AB-4B57-A987-3B2019295C1E}.Ad-Hoc|Any CPU.ActiveCfg = Ad-Hoc|iPhone
		{90CCF448-88AB-4B57-A987-3B2019295C1E}.Ad-Hoc|Any CPU.Build.0 = Ad-Hoc|iPhone
		{90CCF448-88AB-4B57-A987-3B2019295C1E}.Ad-Hoc|Any CPU.Deploy.0 = Ad-Hoc|iPhone
		{90CCF448-88AB-4B57-A987-3B2019295C1E}.Ad-Hoc|iPhone.ActiveCfg = Ad-Hoc|iPhone
		{90CCF448-88AB-4B57-A987-3B2019295C1E}.Ad-Hoc|iPhone.Build.0 = Ad-Hoc|iPhone
		{90CCF448-88AB-4B57-A987-3B2019295C1E}.Ad-Hoc|iPhone.Deploy.0 = Ad-Hoc|iPhone
		{90CCF448-88AB-4B57-A987-3B2019295C1E}.Ad-Hoc|iPhoneSimulator.ActiveCfg = Ad-Hoc|iPhoneSimulator
		{90CCF448-88AB-4B57-A987-3B2019295C1E}.Ad-Hoc|iPhoneSimulator.Build.0 = Ad-Hoc|iPhoneSimulator
		{90CCF448-88AB-4B57-A987-3B2019295C1E}.Ad-Hoc|iPhoneSimulator.Deploy.0 = Ad-Hoc|iPhoneSimulator
		{90CCF448-88AB-4B57-A987-3B2019295C1E}.AppStore|Any CPU.ActiveCfg = AppStore|iPhone
		{90CCF448-88AB-4B57-A987-3B2019295C1E}.AppStore|Any CPU.Build.0 = AppStore|iPhone
		{90CCF448-88AB-4B57-A987-3B2019295C1E}.AppStore|Any CPU.Deploy.0 = AppStore|iPhone
		{90CCF448-88AB-4B57-A987-3B2019295C1E}.AppStore|iPhone.ActiveCfg = AppStore|iPhone
		{90CCF448-88AB-4B57-A987-3B2019295C1E}.AppStore|iPhone.Build.0 = AppStore|iPhone
		{90CCF448-88AB-4B57-A987-3B2019295C1E}.AppStore|iPhone.Deploy.0 = AppStore|iPhone
		{90CCF448-88AB-4B57-A987-3B2019295C1E}.AppStore|iPhoneSimulator.ActiveCfg = AppStore|iPhoneSimulator
		{90CCF448-88AB-4B57-A987-3B2019295C1E}.AppStore|iPhoneSimulator.Build.0 = AppStore|iPhoneSimulator
		{90CCF448-88AB-4B57-A987-3B2019295C1E}.AppStore|iPhoneSimulator.Deploy.0 = AppStore|iPhoneSimulator
		{90CCF448-88AB-4B57-A987-3B2019295C1E}.Debug|Any CPU.ActiveCfg = Debug|iPhoneSimulator
		{90CCF448-88AB-4B57-A987-3B2019295C1E}.Debug|Any CPU.Build.0 = Debug|iPhoneSimulator
		{90CCF448-88AB-4B57-A987-3B2019295C1E}.Debug|Any CPU.Deploy.0 = Debug|iPhoneSimulator
		{90CCF448-88AB-4B57-A987-3B2019295C1E}.Debug|iPhone.ActiveCfg = Debug|iPhone
		{90CCF448-88AB-4B57-A987-3B2019295C1E}.Debug|iPhone.Build.0 = Debug|iPhone
		{90CCF448-88AB-4B57-A987-3B2019295C1E}.Debug|iPhone.Deploy.0 = Debug|iPhone
		{90CCF448-88AB-4B57-A987-3B2019295C1E}.Debug|iPhoneSimulator.ActiveCfg = Debug|iPhoneSimulator
		{90CCF448-88AB-4B57-A987-3B2019295C1E}.Debug|iPhoneSimulator.Build.0 = Debug|iPhoneSimulator
		{90CCF448-88AB-4B57-A987-3B2019295C1E}.Debug|iPhoneSimulator.Deploy.0 = Debug|iPhoneSimulator
		{90CCF448-88AB-4B57-A987-3B2019295C1E}.Release|Any CPU.ActiveCfg = Release|iPhone
		{90CCF448-88AB-4B57-A987-3B2019295C1E}.Release|Any CPU.Build.0 = Release|iPhone
		{90CCF448-88AB-4B57-A987-3B2019295C1E}.Release|Any CPU.Deploy.0 = Release|iPhone
		{90CCF448-88AB-4B57-A987-3B2019295C1E}.Release|iPhone.ActiveCfg = Release|iPhone
		{90CCF448-88AB-4B57-A987-3B2019295C1E}.Release|iPhone.Build.0 = Release|iPhone
		{90CCF448-88AB-4B57-A987-3B2019295C1E}.Release|iPhone.Deploy.0 = Release|iPhone
		{90CCF448-88AB-4B57-A987-3B2019295C1E}.Release|iPhoneSimulator.ActiveCfg = Release|iPhoneSimulator
		{90CCF448-88AB-4B57-A987-3B2019295C1E}.Release|iPhoneSimulator.Build.0 = Release|iPhoneSimulator
		{90CCF448-88AB-4B57-A987-3B2019295C1E}.Release|iPhoneSimulator.Deploy.0 = Release|iPhoneSimulator
		{E614FA86-EED9-4ABA-A88A-031B2E64B129}.Ad-Hoc|Any CPU.ActiveCfg = Debug|Any CPU
		{E614FA86-EED9-4ABA-A88A-031B2E64B129}.Ad-Hoc|Any CPU.Build.0 = Debug|Any CPU
		{E614FA86-EED9-4ABA-A88A-031B2E64B129}.Ad-Hoc|Any CPU.Deploy.0 = Debug|Any CPU
		{E614FA86-EED9-4ABA-A88A-031B2E64B129}.Ad-Hoc|iPhone.ActiveCfg = Debug|Any CPU
		{E614FA86-EED9-4ABA-A88A-031B2E64B129}.Ad-Hoc|iPhone.Build.0 = Debug|Any CPU
		{E614FA86-EED9-4ABA-A88A-031B2E64B129}.Ad-Hoc|iPhone.Deploy.0 = Debug|Any CPU
		{E614FA86-EED9-4ABA-A88A-031B2E64B129}.Ad-Hoc|iPhoneSimulator.ActiveCfg = Debug|Any CPU
		{E614FA86-EED9-4ABA-A88A-031B2E64B129}.Ad-Hoc|iPhoneSimulator.Build.0 = Debug|Any CPU
		{E614FA86-EED9-4ABA-A88A-031B2E64B129}.Ad-Hoc|iPhoneSimulator.Deploy.0 = Debug|Any CPU
		{E614FA86-EED9-4ABA-A88A-031B2E64B129}.AppStore|Any CPU.ActiveCfg = Debug|Any CPU
		{E614FA86-EED9-4ABA-A88A-031B2E64B129}.AppStore|Any CPU.Build.0 = Debug|Any CPU
		{E614FA86-EED9-4ABA-A88A-031B2E64B129}.AppStore|Any CPU.Deploy.0 = Debug|Any CPU
		{E614FA86-EED9-4ABA-A88A-031B2E64B129}.AppStore|iPhone.ActiveCfg = Debug|Any CPU
		{E614FA86-EED9-4ABA-A88A-031B2E64B129}.AppStore|iPhone.Build.0 = Debug|Any CPU
		{E614FA86-EED9-4ABA-A88A-031B2E64B129}.AppStore|iPhone.Deploy.0 = Debug|Any CPU
		{E614FA86-EED9-4ABA-A88A-031B2E64B129}.AppStore|iPhoneSimulator.ActiveCfg = Debug|Any CPU
		{E614FA86-EED9-4ABA-A88A-031B2E64B129}.AppStore|iPhoneSimulator.Build.0 = Debug|Any CPU
		{E614FA86-EED9-4ABA-A88A-031B2E64B129}.AppStore|iPhoneSimulator.Deploy.0 = Debug|Any CPU
		{E614FA86-EED9-4ABA-A88A-031B2E64B129}.Debug|Any CPU.ActiveCfg = Debug|Any CPU
		{E614FA86-EED9-4ABA-A88A-031B2E64B129}.Debug|Any CPU.Build.0 = Debug|Any CPU
		{E614FA86-EED9-4ABA-A88A-031B2E64B129}.Debug|Any CPU.Deploy.0 = Debug|Any CPU
		{E614FA86-EED9-4ABA-A88A-031B2E64B129}.Debug|iPhone.ActiveCfg = Debug|Any CPU
		{E614FA86-EED9-4ABA-A88A-031B2E64B129}.Debug|iPhone.Build.0 = Debug|Any CPU
		{E614FA86-EED9-4ABA-A88A-031B2E64B129}.Debug|iPhone.Deploy.0 = Debug|Any CPU
		{E614FA86-EED9-4ABA-A88A-031B2E64B129}.Debug|iPhoneSimulator.ActiveCfg = Debug|Any CPU
		{E614FA86-EED9-4ABA-A88A-031B2E64B129}.Debug|iPhoneSimulator.Build.0 = Debug|Any CPU
		{E614FA86-EED9-4ABA-A88A-031B2E64B129}.Debug|iPhoneSimulator.Deploy.0 = Debug|Any CPU
		{E614FA86-EED9-4ABA-A88A-031B2E64B129}.Release|Any CPU.ActiveCfg = Release|Any CPU
		{E614FA86-EED9-4ABA-A88A-031B2E64B129}.Release|Any CPU.Build.0 = Release|Any CPU
		{E614FA86-EED9-4ABA-A88A-031B2E64B129}.Release|Any CPU.Deploy.0 = Release|Any CPU
		{E614FA86-EED9-4ABA-A88A-031B2E64B129}.Release|iPhone.ActiveCfg = Release|Any CPU
		{E614FA86-EED9-4ABA-A88A-031B2E64B129}.Release|iPhone.Build.0 = Release|Any CPU
		{E614FA86-EED9-4ABA-A88A-031B2E64B129}.Release|iPhone.Deploy.0 = Release|Any CPU
		{E614FA86-EED9-4ABA-A88A-031B2E64B129}.Release|iPhoneSimulator.ActiveCfg = Release|Any CPU
		{E614FA86-EED9-4ABA-A88A-031B2E64B129}.Release|iPhoneSimulator.Build.0 = Release|Any CPU
		{E614FA86-EED9-4ABA-A88A-031B2E64B129}.Release|iPhoneSimulator.Deploy.0 = Release|Any CPU
	EndGlobalSection
	GlobalSection(SolutionProperties) = preSolution
		HideSolutionNode = FALSE
	EndGlobalSection
	GlobalSection(ExtensibilityGlobals) = postSolution
		SolutionGuid = {CE15A9B3-D299-4BB4-9BC7-F8DB786D2FCC}
	EndGlobalSection
EndGlobal
